
Microsoft Visual Studio Solution File, Format Version 12.00
# Visual Studio Version 17
VisualStudioVersion = 17.9.34723.18
MinimumVisualStudioVersion = 10.0.40219.1
Project("{9A19103F-16F7-4668-BE54-9A1E7A4F7556}") = "BallastLaneBackEnd.Api", "src\BallastLaneBackEnd\BallastLaneBackEnd.Api.csproj", "{0C56B34C-A33C-40D9-9A12-34DAF0738850}"
EndProject
Project("{9A19103F-16F7-4668-BE54-9A1E7A4F7556}") = "BallastLaneBackEnd.Domain", "src\BallastLaneBackEnd.Domain\BallastLaneBackEnd.Domain.csproj", "{8CAFE879-1FA3-4077-AAB8-E8D9665547F2}"
EndProject
Project("{9A19103F-16F7-4668-BE54-9A1E7A4F7556}") = "BallastLaneBackEnd.Infra", "src\BallastLaneBackEnd.Infra\BallastLaneBackEnd.Infra.csproj", "{182567CC-A8C7-46FC-BFB3-0815B4D2E4D9}"
EndProject
Global
	GlobalSection(SolutionConfigurationPlatforms) = preSolution
		Debug|Any CPU = Debug|Any CPU
		Release|Any CPU = Release|Any CPU
	EndGlobalSection
	GlobalSection(ProjectConfigurationPlatforms) = postSolution
		{0C56B34C-A33C-40D9-9A12-34DAF0738850}.Debug|Any CPU.ActiveCfg = Debug|Any CPU
		{0C56B34C-A33C-40D9-9A12-34DAF0738850}.Debug|Any CPU.Build.0 = Debug|Any CPU
		{0C56B34C-A33C-40D9-9A12-34DAF0738850}.Release|Any CPU.ActiveCfg = Release|Any CPU
		{0C56B34C-A33C-40D9-9A12-34DAF0738850}.Release|Any CPU.Build.0 = Release|Any CPU
		{8CAFE879-1FA3-4077-AAB8-E8D9665547F2}.Debug|Any CPU.ActiveCfg = Debug|Any CPU
		{8CAFE879-1FA3-4077-AAB8-E8D9665547F2}.Debug|Any CPU.Build.0 = Debug|Any CPU
		{8CAFE879-1FA3-4077-AAB8-E8D9665547F2}.Release|Any CPU.ActiveCfg = Release|Any CPU
		{8CAFE879-1FA3-4077-AAB8-E8D9665547F2}.Release|Any CPU.Build.0 = Release|Any CPU
		{182567CC-A8C7-46FC-BFB3-0815B4D2E4D9}.Debug|Any CPU.ActiveCfg = Debug|Any CPU
		{182567CC-A8C7-46FC-BFB3-0815B4D2E4D9}.Debug|Any CPU.Build.0 = Debug|Any CPU
		{182567CC-A8C7-46FC-BFB3-0815B4D2E4D9}.Release|Any CPU.ActiveCfg = Release|Any CPU
		{182567CC-A8C7-46FC-BFB3-0815B4D2E4D9}.Release|Any CPU.Build.0 = Release|Any CPU
	EndGlobalSection
	GlobalSection(SolutionProperties) = preSolution
		HideSolutionNode = FALSE
	EndGlobalSection
	GlobalSection(ExtensibilityGlobals) = postSolution
		SolutionGuid = {5CEEF793-1FA4-4B16-89DE-8B1FA2A317BE}
	EndGlobalSection
EndGlobal
